
Microsoft Visual Studio Solution File, Format Version 12.00
# Visual Studio Version 17
VisualStudioVersion = 17.9.34701.34
MinimumVisualStudioVersion = 10.0.40219.1
Project("{9A19103F-16F7-4668-BE54-9A1E7A4F7556}") = "ContactsManager.UI", "ContactsManager.UI\ContactsManager.UI.csproj", "{A3603ED1-EB81-4C1F-8287-D858B52309D7}"
EndProject
Project("{9A19103F-16F7-4668-BE54-9A1E7A4F7556}") = "ContactsManager.Core", "ContactsManager.Core\ContactsManager.Core.csproj", "{B907E79F-9562-4C55-878D-63B5A3CB8146}"
EndProject
Project("{FAE04EC0-301F-11D3-BF4B-00C04F79EFBC}") = "ContactsManager.Infrastructure", "ContactsManager.Infrastructure\ContactsManager.Infrastructure.csproj", "{972558D0-F427-4E1B-A068-A42D3CF9EA64}"
EndProject
Global
	GlobalSection(SolutionConfigurationPlatforms) = preSolution
		Debug|Any CPU = Debug|Any CPU
		Release|Any CPU = Release|Any CPU
	EndGlobalSection
	GlobalSection(ProjectConfigurationPlatforms) = postSolution
		{A3603ED1-EB81-4C1F-8287-D858B52309D7}.Debug|Any CPU.ActiveCfg = Debug|Any CPU
		{A3603ED1-EB81-4C1F-8287-D858B52309D7}.Debug|Any CPU.Build.0 = Debug|Any CPU
		{A3603ED1-EB81-4C1F-8287-D858B52309D7}.Release|Any CPU.ActiveCfg = Release|Any CPU
		{A3603ED1-EB81-4C1F-8287-D858B52309D7}.Release|Any CPU.Build.0 = Release|Any CPU
		{B907E79F-9562-4C55-878D-63B5A3CB8146}.Debug|Any CPU.ActiveCfg = Debug|Any CPU
		{B907E79F-9562-4C55-878D-63B5A3CB8146}.Debug|Any CPU.Build.0 = Debug|Any CPU
		{B907E79F-9562-4C55-878D-63B5A3CB8146}.Release|Any CPU.ActiveCfg = Release|Any CPU
		{B907E79F-9562-4C55-878D-63B5A3CB8146}.Release|Any CPU.Build.0 = Release|Any CPU
		{972558D0-F427-4E1B-A068-A42D3CF9EA64}.Debug|Any CPU.ActiveCfg = Debug|Any CPU
		{972558D0-F427-4E1B-A068-A42D3CF9EA64}.Debug|Any CPU.Build.0 = Debug|Any CPU
		{972558D0-F427-4E1B-A068-A42D3CF9EA64}.Release|Any CPU.ActiveCfg = Release|Any CPU
		{972558D0-F427-4E1B-A068-A42D3CF9EA64}.Release|Any CPU.Build.0 = Release|Any CPU
	EndGlobalSection
	GlobalSection(SolutionProperties) = preSolution
		HideSolutionNode = FALSE
	EndGlobalSection
	GlobalSection(ExtensibilityGlobals) = postSolution
		SolutionGuid = {8AF2B085-0CFE-4443-812C-A905DF225EF5}
	EndGlobalSection
EndGlobal
